
Microsoft Visual Studio Solution File, Format Version 12.00
# Visual Studio Version 17
VisualStudioVersion = 17.6.33815.320
MinimumVisualStudioVersion = 10.0.40219.1
Project("{9A19103F-16F7-4668-BE54-9A1E7A4F7556}") = "Arithmetic", "Arithmetic\Arithmetic.csproj", "{34E9CFE9-3E3E-4ABA-91BC-B109CB30F5EE}"
EndProject
Project("{9A19103F-16F7-4668-BE54-9A1E7A4F7556}") = "Fibonacci Sequence", "Fibonacci sequence\Fibonacci Sequence.csproj", "{52E22C60-67FC-4698-A3F1-F51BEC5C6E4B}"
EndProject
Project("{9A19103F-16F7-4668-BE54-9A1E7A4F7556}") = "Find First Duplicated Character", "Find First Duplicated Character\Find First Duplicated Character.csproj", "{98F261B5-C198-4ED9-867F-9BDDDB284210}"
EndProject
Project("{9A19103F-16F7-4668-BE54-9A1E7A4F7556}") = "Is Increasing Sequence", "Is Increasing Sequence\Is Increasing Sequence.csproj", "{5C1E6BC0-45FA-403F-B545-9762420E0292}"
EndProject
Project("{2150E333-8FDC-42A3-9474-1A3956D46DE8}") = "ReadMe", "ReadMe", "{295EBCC7-EF7A-43EB-9340-A2D05110ADFC}"
	ProjectSection(SolutionItems) = preProject
		ReadMe.txt = ReadMe.txt
	EndProjectSection
EndProject
Project("{9A19103F-16F7-4668-BE54-9A1E7A4F7556}") = "Shortest Path (with Dijkstra’s algorithm)", "Shortest Path (with Dijkstra’s algorithm)\Shortest Path (with Dijkstra’s algorithm).csproj", "{61DF740C-962F-4A0C-AFF3-C396B47A75C8}"
EndProject
Project("{9A19103F-16F7-4668-BE54-9A1E7A4F7556}") = "Merge Two Strings", "Merge Two Strings\Merge Two Strings.csproj", "{BB427128-0BEA-4817-A0CE-E3A999BB1F47}"
EndProject
Project("{9A19103F-16F7-4668-BE54-9A1E7A4F7556}") = "The Number of Longest Sequences", "The Number of Longest Sequences\The Number of Longest Sequences.csproj", "{42234E33-BCC4-40F1-B9D8-4F9E76E1FE24}"
EndProject
Project("{FAE04EC0-301F-11D3-BF4B-00C04F79EFBC}") = "雙指針解法(from Cindy)", "雙指針解法(from Cindy)\雙指針解法(from Cindy).csproj", "{B0605AF8-0FAD-46F3-9CE4-5B4B28B2A2F7}"
EndProject
Project("{FAE04EC0-301F-11D3-BF4B-00C04F79EFBC}") = "LeetCode 226. Invert Binary Tree", "LeetCode 226. Invert Binary Tree\LeetCode 226. Invert Binary Tree.csproj", "{8BDD4717-B1F9-4037-BF69-A2173A0DF714}"
EndProject
Global
	GlobalSection(SolutionConfigurationPlatforms) = preSolution
		Debug|Any CPU = Debug|Any CPU
		Release|Any CPU = Release|Any CPU
	EndGlobalSection
	GlobalSection(ProjectConfigurationPlatforms) = postSolution
		{34E9CFE9-3E3E-4ABA-91BC-B109CB30F5EE}.Debug|Any CPU.ActiveCfg = Debug|Any CPU
		{34E9CFE9-3E3E-4ABA-91BC-B109CB30F5EE}.Debug|Any CPU.Build.0 = Debug|Any CPU
		{34E9CFE9-3E3E-4ABA-91BC-B109CB30F5EE}.Release|Any CPU.ActiveCfg = Release|Any CPU
		{34E9CFE9-3E3E-4ABA-91BC-B109CB30F5EE}.Release|Any CPU.Build.0 = Release|Any CPU
		{52E22C60-67FC-4698-A3F1-F51BEC5C6E4B}.Debug|Any CPU.ActiveCfg = Debug|Any CPU
		{52E22C60-67FC-4698-A3F1-F51BEC5C6E4B}.Debug|Any CPU.Build.0 = Debug|Any CPU
		{52E22C60-67FC-4698-A3F1-F51BEC5C6E4B}.Release|Any CPU.ActiveCfg = Release|Any CPU
		{52E22C60-67FC-4698-A3F1-F51BEC5C6E4B}.Release|Any CPU.Build.0 = Release|Any CPU
		{98F261B5-C198-4ED9-867F-9BDDDB284210}.Debug|Any CPU.ActiveCfg = Debug|Any CPU
		{98F261B5-C198-4ED9-867F-9BDDDB284210}.Debug|Any CPU.Build.0 = Debug|Any CPU
		{98F261B5-C198-4ED9-867F-9BDDDB284210}.Release|Any CPU.ActiveCfg = Release|Any CPU
		{98F261B5-C198-4ED9-867F-9BDDDB284210}.Release|Any CPU.Build.0 = Release|Any CPU
		{5C1E6BC0-45FA-403F-B545-9762420E0292}.Debug|Any CPU.ActiveCfg = Debug|Any CPU
		{5C1E6BC0-45FA-403F-B545-9762420E0292}.Debug|Any CPU.Build.0 = Debug|Any CPU
		{5C1E6BC0-45FA-403F-B545-9762420E0292}.Release|Any CPU.ActiveCfg = Release|Any CPU
		{5C1E6BC0-45FA-403F-B545-9762420E0292}.Release|Any CPU.Build.0 = Release|Any CPU
		{61DF740C-962F-4A0C-AFF3-C396B47A75C8}.Debug|Any CPU.ActiveCfg = Debug|Any CPU
		{61DF740C-962F-4A0C-AFF3-C396B47A75C8}.Debug|Any CPU.Build.0 = Debug|Any CPU
		{61DF740C-962F-4A0C-AFF3-C396B47A75C8}.Release|Any CPU.ActiveCfg = Release|Any CPU
		{61DF740C-962F-4A0C-AFF3-C396B47A75C8}.Release|Any CPU.Build.0 = Release|Any CPU
		{BB427128-0BEA-4817-A0CE-E3A999BB1F47}.Debug|Any CPU.ActiveCfg = Debug|Any CPU
		{BB427128-0BEA-4817-A0CE-E3A999BB1F47}.Debug|Any CPU.Build.0 = Debug|Any CPU
		{BB427128-0BEA-4817-A0CE-E3A999BB1F47}.Release|Any CPU.ActiveCfg = Release|Any CPU
		{BB427128-0BEA-4817-A0CE-E3A999BB1F47}.Release|Any CPU.Build.0 = Release|Any CPU
		{42234E33-BCC4-40F1-B9D8-4F9E76E1FE24}.Debug|Any CPU.ActiveCfg = Debug|Any CPU
		{42234E33-BCC4-40F1-B9D8-4F9E76E1FE24}.Debug|Any CPU.Build.0 = Debug|Any CPU
		{42234E33-BCC4-40F1-B9D8-4F9E76E1FE24}.Release|Any CPU.ActiveCfg = Release|Any CPU
		{42234E33-BCC4-40F1-B9D8-4F9E76E1FE24}.Release|Any CPU.Build.0 = Release|Any CPU
		{B0605AF8-0FAD-46F3-9CE4-5B4B28B2A2F7}.Debug|Any CPU.ActiveCfg = Debug|Any CPU
		{B0605AF8-0FAD-46F3-9CE4-5B4B28B2A2F7}.Debug|Any CPU.Build.0 = Debug|Any CPU
		{B0605AF8-0FAD-46F3-9CE4-5B4B28B2A2F7}.Release|Any CPU.ActiveCfg = Release|Any CPU
		{B0605AF8-0FAD-46F3-9CE4-5B4B28B2A2F7}.Release|Any CPU.Build.0 = Release|Any CPU
		{8BDD4717-B1F9-4037-BF69-A2173A0DF714}.Debug|Any CPU.ActiveCfg = Debug|Any CPU
		{8BDD4717-B1F9-4037-BF69-A2173A0DF714}.Debug|Any CPU.Build.0 = Debug|Any CPU
		{8BDD4717-B1F9-4037-BF69-A2173A0DF714}.Release|Any CPU.ActiveCfg = Release|Any CPU
		{8BDD4717-B1F9-4037-BF69-A2173A0DF714}.Release|Any CPU.Build.0 = Release|Any CPU
	EndGlobalSection
	GlobalSection(SolutionProperties) = preSolution
		HideSolutionNode = FALSE
	EndGlobalSection
	GlobalSection(ExtensibilityGlobals) = postSolution
		SolutionGuid = {BD8BF342-A27D-4693-9076-E89AF47F1010}
	EndGlobalSection
EndGlobal
